
Microsoft Visual Studio Solution File, Format Version 12.00
# Visual Studio Version 17
VisualStudioVersion = 17.11.35327.3
MinimumVisualStudioVersion = 10.0.40219.1
Project("{FAE04EC0-301F-11D3-BF4B-00C04F79EFBC}") = "task-management", "task-management\task-management.csproj", "{8B09CDAD-CABD-40E0-A9AD-69AA21EF988D}"
EndProject
Global
	GlobalSection(SolutionConfigurationPlatforms) = preSolution
		Debug|Any CPU = Debug|Any CPU
		Release|Any CPU = Release|Any CPU
	EndGlobalSection
	GlobalSection(ProjectConfigurationPlatforms) = postSolution
		{8B09CDAD-CABD-40E0-A9AD-69AA21EF988D}.Debug|Any CPU.ActiveCfg = Debug|Any CPU
		{8B09CDAD-CABD-40E0-A9AD-69AA21EF988D}.Debug|Any CPU.Build.0 = Debug|Any CPU
		{8B09CDAD-CABD-40E0-A9AD-69AA21EF988D}.Release|Any CPU.ActiveCfg = Release|Any CPU
		{8B09CDAD-CABD-40E0-A9AD-69AA21EF988D}.Release|Any CPU.Build.0 = Release|Any CPU
	EndGlobalSection
	GlobalSection(SolutionProperties) = preSolution
		HideSolutionNode = FALSE
	EndGlobalSection
	GlobalSection(ExtensibilityGlobals) = postSolution
		SolutionGuid = {D31A36B7-3972-47B1-ADA5-A4F30E0AE9B1}
	EndGlobalSection
EndGlobal
